
Microsoft Visual Studio Solution File, Format Version 12.00
# Visual Studio Version 16
VisualStudioVersion = 16.0.28803.156
MinimumVisualStudioVersion = 15.0.26124.0
Project("{2150E333-8FDC-42A3-9474-1A3956D46DE8}") = "src", "src", "{A14775F6-0FFF-449E-8160-D31C668A441A}"
EndProject
Project("{9A19103F-16F7-4668-BE54-9A1E7A4F7556}") = "Cle.Parser", "src\Cle.Parser\Cle.Parser.csproj", "{28F06FE9-A22F-4FF3-8B26-E0199B4497EE}"
EndProject
Project("{2150E333-8FDC-42A3-9474-1A3956D46DE8}") = "test", "test", "{3A372906-46C7-4D1B-A71B-48888E2F1A8F}"
EndProject
Project("{9A19103F-16F7-4668-BE54-9A1E7A4F7556}") = "Cle.Parser.UnitTests", "test\Cle.Parser.UnitTests\Cle.Parser.UnitTests.csproj", "{74963A2D-0602-4E0E-9F71-4E804D71AA8F}"
EndProject
Project("{9A19103F-16F7-4668-BE54-9A1E7A4F7556}") = "Cle.Compiler", "src\Cle.Compiler\Cle.Compiler.csproj", "{2BC40E54-1CC2-4451-B041-9CE3AEA79561}"
EndProject
Project("{9A19103F-16F7-4668-BE54-9A1E7A4F7556}") = "Cle.Frontend", "src\Cle.Frontend\Cle.Frontend.csproj", "{D2104AB5-8FC8-449D-B6A5-2CDBC0609F53}"
EndProject
Project("{9A19103F-16F7-4668-BE54-9A1E7A4F7556}") = "Cle.Common", "src\Cle.Common\Cle.Common.csproj", "{34B19238-6CD6-494D-A9F1-96A178399D9A}"
EndProject
Project("{9A19103F-16F7-4668-BE54-9A1E7A4F7556}") = "Cle.Compiler.UnitTests", "test\Cle.Compiler.UnitTests\Cle.Compiler.UnitTests.csproj", "{3898623B-1253-4588-AC0E-CB55574A19D9}"
EndProject
Project("{9A19103F-16F7-4668-BE54-9A1E7A4F7556}") = "Cle.Benchmarks", "test\Cle.Benchmarks\Cle.Benchmarks.csproj", "{A150652B-4F9C-4BAA-9134-C6AF2A579E70}"
EndProject
Project("{9A19103F-16F7-4668-BE54-9A1E7A4F7556}") = "Cle.SemanticAnalysis", "src\Cle.SemanticAnalysis\Cle.SemanticAnalysis.csproj", "{2132E910-AA45-44D9-95FE-F4D3A0C1D0EE}"
EndProject
Project("{9A19103F-16F7-4668-BE54-9A1E7A4F7556}") = "Cle.SemanticAnalysis.UnitTests", "test\Cle.SemanticAnalysis.UnitTests\Cle.SemanticAnalysis.UnitTests.csproj", "{DE0352C7-509B-4BAE-B9E2-5EA4343E788B}"
EndProject
Project("{9A19103F-16F7-4668-BE54-9A1E7A4F7556}") = "Cle.UnitTests.Common", "test\Cle.UnitTests.Common\Cle.UnitTests.Common.csproj", "{50038DC7-5193-47CD-A789-E289BE181CC0}"
EndProject
Project("{9A19103F-16F7-4668-BE54-9A1E7A4F7556}") = "Cle.Frontend.UnitTests", "test\Cle.Frontend.UnitTests\Cle.Frontend.UnitTests.csproj", "{9C8387AA-EB58-4819-AAF5-16B6A6CFD348}"
EndProject
Project("{9A19103F-16F7-4668-BE54-9A1E7A4F7556}") = "Cle.CodeGeneration", "src\Cle.CodeGeneration\Cle.CodeGeneration.csproj", "{17745E6B-C653-4901-AF80-354DEDF216C9}"
EndProject
Project("{9A19103F-16F7-4668-BE54-9A1E7A4F7556}") = "Cle.CodeGeneration.UnitTests", "test\Cle.CodeGeneration.UnitTests\Cle.CodeGeneration.UnitTests.csproj", "{7D8A881D-B443-4A88-8F18-AF6D22038389}"
EndProject
Project("{9A19103F-16F7-4668-BE54-9A1E7A4F7556}") = "Cle.IntegrationTests", "test\Cle.IntegrationTests\Cle.IntegrationTests.csproj", "{8EDA47F3-EC94-45B0-8F51-CB397A84EB6B}"
EndProject
Global
	GlobalSection(SolutionConfigurationPlatforms) = preSolution
		Debug|Any CPU = Debug|Any CPU
		Release|Any CPU = Release|Any CPU
	EndGlobalSection
	GlobalSection(ProjectConfigurationPlatforms) = postSolution
		{28F06FE9-A22F-4FF3-8B26-E0199B4497EE}.Debug|Any CPU.ActiveCfg = Debug|Any CPU
		{28F06FE9-A22F-4FF3-8B26-E0199B4497EE}.Debug|Any CPU.Build.0 = Debug|Any CPU
		{28F06FE9-A22F-4FF3-8B26-E0199B4497EE}.Release|Any CPU.ActiveCfg = Release|Any CPU
		{28F06FE9-A22F-4FF3-8B26-E0199B4497EE}.Release|Any CPU.Build.0 = Release|Any CPU
		{74963A2D-0602-4E0E-9F71-4E804D71AA8F}.Debug|Any CPU.ActiveCfg = Debug|Any CPU
		{74963A2D-0602-4E0E-9F71-4E804D71AA8F}.Debug|Any CPU.Build.0 = Debug|Any CPU
		{74963A2D-0602-4E0E-9F71-4E804D71AA8F}.Release|Any CPU.ActiveCfg = Release|Any CPU
		{74963A2D-0602-4E0E-9F71-4E804D71AA8F}.Release|Any CPU.Build.0 = Release|Any CPU
		{2BC40E54-1CC2-4451-B041-9CE3AEA79561}.Debug|Any CPU.ActiveCfg = Debug|Any CPU
		{2BC40E54-1CC2-4451-B041-9CE3AEA79561}.Debug|Any CPU.Build.0 = Debug|Any CPU
		{2BC40E54-1CC2-4451-B041-9CE3AEA79561}.Release|Any CPU.ActiveCfg = Release|Any CPU
		{2BC40E54-1CC2-4451-B041-9CE3AEA79561}.Release|Any CPU.Build.0 = Release|Any CPU
		{D2104AB5-8FC8-449D-B6A5-2CDBC0609F53}.Debug|Any CPU.ActiveCfg = Debug|Any CPU
		{D2104AB5-8FC8-449D-B6A5-2CDBC0609F53}.Debug|Any CPU.Build.0 = Debug|Any CPU
		{D2104AB5-8FC8-449D-B6A5-2CDBC0609F53}.Release|Any CPU.ActiveCfg = Release|Any CPU
		{D2104AB5-8FC8-449D-B6A5-2CDBC0609F53}.Release|Any CPU.Build.0 = Release|Any CPU
		{34B19238-6CD6-494D-A9F1-96A178399D9A}.Debug|Any CPU.ActiveCfg = Debug|Any CPU
		{34B19238-6CD6-494D-A9F1-96A178399D9A}.Debug|Any CPU.Build.0 = Debug|Any CPU
		{34B19238-6CD6-494D-A9F1-96A178399D9A}.Release|Any CPU.ActiveCfg = Release|Any CPU
		{34B19238-6CD6-494D-A9F1-96A178399D9A}.Release|Any CPU.Build.0 = Release|Any CPU
		{3898623B-1253-4588-AC0E-CB55574A19D9}.Debug|Any CPU.ActiveCfg = Debug|Any CPU
		{3898623B-1253-4588-AC0E-CB55574A19D9}.Debug|Any CPU.Build.0 = Debug|Any CPU
		{3898623B-1253-4588-AC0E-CB55574A19D9}.Release|Any CPU.ActiveCfg = Release|Any CPU
		{3898623B-1253-4588-AC0E-CB55574A19D9}.Release|Any CPU.Build.0 = Release|Any CPU
		{A150652B-4F9C-4BAA-9134-C6AF2A579E70}.Debug|Any CPU.ActiveCfg = Debug|Any CPU
		{A150652B-4F9C-4BAA-9134-C6AF2A579E70}.Release|Any CPU.ActiveCfg = Release|Any CPU
		{A150652B-4F9C-4BAA-9134-C6AF2A579E70}.Release|Any CPU.Build.0 = Release|Any CPU
		{2132E910-AA45-44D9-95FE-F4D3A0C1D0EE}.Debug|Any CPU.ActiveCfg = Debug|Any CPU
		{2132E910-AA45-44D9-95FE-F4D3A0C1D0EE}.Debug|Any CPU.Build.0 = Debug|Any CPU
		{2132E910-AA45-44D9-95FE-F4D3A0C1D0EE}.Release|Any CPU.ActiveCfg = Release|Any CPU
		{2132E910-AA45-44D9-95FE-F4D3A0C1D0EE}.Release|Any CPU.Build.0 = Release|Any CPU
		{DE0352C7-509B-4BAE-B9E2-5EA4343E788B}.Debug|Any CPU.ActiveCfg = Debug|Any CPU
		{DE0352C7-509B-4BAE-B9E2-5EA4343E788B}.Debug|Any CPU.Build.0 = Debug|Any CPU
		{DE0352C7-509B-4BAE-B9E2-5EA4343E788B}.Release|Any CPU.ActiveCfg = Release|Any CPU
		{DE0352C7-509B-4BAE-B9E2-5EA4343E788B}.Release|Any CPU.Build.0 = Release|Any CPU
		{50038DC7-5193-47CD-A789-E289BE181CC0}.Debug|Any CPU.ActiveCfg = Debug|Any CPU
		{50038DC7-5193-47CD-A789-E289BE181CC0}.Debug|Any CPU.Build.0 = Debug|Any CPU
		{50038DC7-5193-47CD-A789-E289BE181CC0}.Release|Any CPU.ActiveCfg = Release|Any CPU
		{50038DC7-5193-47CD-A789-E289BE181CC0}.Release|Any CPU.Build.0 = Release|Any CPU
		{9C8387AA-EB58-4819-AAF5-16B6A6CFD348}.Debug|Any CPU.ActiveCfg = Debug|Any CPU
		{9C8387AA-EB58-4819-AAF5-16B6A6CFD348}.Debug|Any CPU.Build.0 = Debug|Any CPU
		{9C8387AA-EB58-4819-AAF5-16B6A6CFD348}.Release|Any CPU.ActiveCfg = Release|Any CPU
		{9C8387AA-EB58-4819-AAF5-16B6A6CFD348}.Release|Any CPU.Build.0 = Release|Any CPU
		{17745E6B-C653-4901-AF80-354DEDF216C9}.Debug|Any CPU.ActiveCfg = Debug|Any CPU
		{17745E6B-C653-4901-AF80-354DEDF216C9}.Debug|Any CPU.Build.0 = Debug|Any CPU
		{17745E6B-C653-4901-AF80-354DEDF216C9}.Release|Any CPU.ActiveCfg = Release|Any CPU
		{17745E6B-C653-4901-AF80-354DEDF216C9}.Release|Any CPU.Build.0 = Release|Any CPU
		{7D8A881D-B443-4A88-8F18-AF6D22038389}.Debug|Any CPU.ActiveCfg = Debug|Any CPU
		{7D8A881D-B443-4A88-8F18-AF6D22038389}.Debug|Any CPU.Build.0 = Debug|Any CPU
		{7D8A881D-B443-4A88-8F18-AF6D22038389}.Release|Any CPU.ActiveCfg = Release|Any CPU
		{7D8A881D-B443-4A88-8F18-AF6D22038389}.Release|Any CPU.Build.0 = Release|Any CPU
		{8EDA47F3-EC94-45B0-8F51-CB397A84EB6B}.Debug|Any CPU.ActiveCfg = Debug|Any CPU
		{8EDA47F3-EC94-45B0-8F51-CB397A84EB6B}.Debug|Any CPU.Build.0 = Debug|Any CPU
		{8EDA47F3-EC94-45B0-8F51-CB397A84EB6B}.Release|Any CPU.ActiveCfg = Release|Any CPU
		{8EDA47F3-EC94-45B0-8F51-CB397A84EB6B}.Release|Any CPU.Build.0 = Release|Any CPU
	EndGlobalSection
	GlobalSection(SolutionProperties) = preSolution
		HideSolutionNode = FALSE
	EndGlobalSection
	GlobalSection(NestedProjects) = preSolution
		{28F06FE9-A22F-4FF3-8B26-E0199B4497EE} = {A14775F6-0FFF-449E-8160-D31C668A441A}
		{74963A2D-0602-4E0E-9F71-4E804D71AA8F} = {3A372906-46C7-4D1B-A71B-48888E2F1A8F}
		{2BC40E54-1CC2-4451-B041-9CE3AEA79561} = {A14775F6-0FFF-449E-8160-D31C668A441A}
		{D2104AB5-8FC8-449D-B6A5-2CDBC0609F53} = {A14775F6-0FFF-449E-8160-D31C668A441A}
		{34B19238-6CD6-494D-A9F1-96A178399D9A} = {A14775F6-0FFF-449E-8160-D31C668A441A}
		{3898623B-1253-4588-AC0E-CB55574A19D9} = {3A372906-46C7-4D1B-A71B-48888E2F1A8F}
		{A150652B-4F9C-4BAA-9134-C6AF2A579E70} = {3A372906-46C7-4D1B-A71B-48888E2F1A8F}
		{2132E910-AA45-44D9-95FE-F4D3A0C1D0EE} = {A14775F6-0FFF-449E-8160-D31C668A441A}
		{DE0352C7-509B-4BAE-B9E2-5EA4343E788B} = {3A372906-46C7-4D1B-A71B-48888E2F1A8F}
		{50038DC7-5193-47CD-A789-E289BE181CC0} = {3A372906-46C7-4D1B-A71B-48888E2F1A8F}
		{9C8387AA-EB58-4819-AAF5-16B6A6CFD348} = {3A372906-46C7-4D1B-A71B-48888E2F1A8F}
		{17745E6B-C653-4901-AF80-354DEDF216C9} = {A14775F6-0FFF-449E-8160-D31C668A441A}
		{7D8A881D-B443-4A88-8F18-AF6D22038389} = {3A372906-46C7-4D1B-A71B-48888E2F1A8F}
		{8EDA47F3-EC94-45B0-8F51-CB397A84EB6B} = {3A372906-46C7-4D1B-A71B-48888E2F1A8F}
	EndGlobalSection
	GlobalSection(ExtensibilityGlobals) = postSolution
		SolutionGuid = {5F2D74AA-DFCB-4E95-8578-F81259CC155E}
	EndGlobalSection
EndGlobal
